
Microsoft Visual Studio Solution File, Format Version 12.00
# Visual Studio 15
VisualStudioVersion = 15.0.27130.2026
MinimumVisualStudioVersion = 10.0.40219.1
Project("{FAE04EC0-301F-11D3-BF4B-00C04F79EFBC}") = "DeepShadow", "DeepShadow\DeepShadow.csproj", "{2774D817-4B1E-4118-B571-4DA267AD8380}"
EndProject
Project("{FAE04EC0-301F-11D3-BF4B-00C04F79EFBC}") = "DeepShadow.UnitTests", "DeepShadow.UnitTests\DeepShadow.UnitTests.csproj", "{248365DB-0649-48AA-8242-57D438B53FE3}"
EndProject
Global
	GlobalSection(SolutionConfigurationPlatforms) = preSolution
		Debug|Any CPU = Debug|Any CPU
		Release|Any CPU = Release|Any CPU
	EndGlobalSection
	GlobalSection(ProjectConfigurationPlatforms) = postSolution
		{2774D817-4B1E-4118-B571-4DA267AD8380}.Debug|Any CPU.ActiveCfg = Debug|Any CPU
		{2774D817-4B1E-4118-B571-4DA267AD8380}.Debug|Any CPU.Build.0 = Debug|Any CPU
		{2774D817-4B1E-4118-B571-4DA267AD8380}.Release|Any CPU.ActiveCfg = Release|Any CPU
		{2774D817-4B1E-4118-B571-4DA267AD8380}.Release|Any CPU.Build.0 = Release|Any CPU
		{248365DB-0649-48AA-8242-57D438B53FE3}.Debug|Any CPU.ActiveCfg = Debug|Any CPU
		{248365DB-0649-48AA-8242-57D438B53FE3}.Debug|Any CPU.Build.0 = Debug|Any CPU
		{248365DB-0649-48AA-8242-57D438B53FE3}.Release|Any CPU.ActiveCfg = Release|Any CPU
		{248365DB-0649-48AA-8242-57D438B53FE3}.Release|Any CPU.Build.0 = Release|Any CPU
	EndGlobalSection
	GlobalSection(SolutionProperties) = preSolution
		HideSolutionNode = FALSE
	EndGlobalSection
	GlobalSection(ExtensibilityGlobals) = postSolution
		SolutionGuid = {897DB97B-21AB-437E-8471-BB91F2E39B47}
	EndGlobalSection
EndGlobal
